
Microsoft Visual Studio Solution File, Format Version 12.00
# Visual Studio Version 17
VisualStudioVersion = 17.2.32630.192
MinimumVisualStudioVersion = 10.0.40219.1
Project("{FAE04EC0-301F-11D3-BF4B-00C04F79EFBC}") = "lab81", "lab81\lab81.csproj", "{C728267B-319C-4680-956A-C5484258F31F}"
EndProject
Global
	GlobalSection(SolutionConfigurationPlatforms) = preSolution
		Debug|Any CPU = Debug|Any CPU
		Release|Any CPU = Release|Any CPU
	EndGlobalSection
	GlobalSection(ProjectConfigurationPlatforms) = postSolution
		{C728267B-319C-4680-956A-C5484258F31F}.Debug|Any CPU.ActiveCfg = Debug|Any CPU
		{C728267B-319C-4680-956A-C5484258F31F}.Debug|Any CPU.Build.0 = Debug|Any CPU
		{C728267B-319C-4680-956A-C5484258F31F}.Release|Any CPU.ActiveCfg = Release|Any CPU
		{C728267B-319C-4680-956A-C5484258F31F}.Release|Any CPU.Build.0 = Release|Any CPU
	EndGlobalSection
	GlobalSection(SolutionProperties) = preSolution
		HideSolutionNode = FALSE
	EndGlobalSection
	GlobalSection(ExtensibilityGlobals) = postSolution
		SolutionGuid = {4AB10E96-FA84-463D-A482-CE96ABF1EBA5}
	EndGlobalSection
EndGlobal
